{
  "name": "reset-css",
  "version": "1.0.0",
  "lockfileVersion": 3,
  "requires": true,
  "packages": {
    "": {
      "name": "reset-css",
      "version": "1.0.0",
      "license": "MIT",
      "dependencies": {
        "modern-normalize": "latest"
      }
    },
    "node_modules/modern-normalize": {
      "version": "3.0.0",
      "resolved": "https://registry.npmjs.org/modern-normalize/-/modern-normalize-3.0.0.tgz",
      "integrity": "sha512-oY2uocgMUQC33i5rKZMWzhyJ+U2nsoiHDYyoDVFxYVBob8RIjZoCbRSbE4+a2/SfbGmZOhOJIavLrzz3BC72tw==",
      "license": "MIT",
      "engines": {
        "node": ">=6"
      },
      "funding": {
        "url": "https://github.com/sponsors/sindresorhus"
      }
    }
  }
}
